
Microsoft Visual Studio Solution File, Format Version 12.00
# Visual Studio Version 17
VisualStudioVersion = 17.6.33829.357
MinimumVisualStudioVersion = 10.0.40219.1
Project("{FAE04EC0-301F-11D3-BF4B-00C04F79EFBC}") = "sum", "sum\sum.csproj", "{691C279D-DC9E-4BE0-964A-557A57D12588}"
EndProject
Global
	GlobalSection(SolutionConfigurationPlatforms) = preSolution
		Debug|Any CPU = Debug|Any CPU
		Release|Any CPU = Release|Any CPU
	EndGlobalSection
	GlobalSection(ProjectConfigurationPlatforms) = postSolution
		{691C279D-DC9E-4BE0-964A-557A57D12588}.Debug|Any CPU.ActiveCfg = Debug|Any CPU
		{691C279D-DC9E-4BE0-964A-557A57D12588}.Debug|Any CPU.Build.0 = Debug|Any CPU
		{691C279D-DC9E-4BE0-964A-557A57D12588}.Release|Any CPU.ActiveCfg = Release|Any CPU
		{691C279D-DC9E-4BE0-964A-557A57D12588}.Release|Any CPU.Build.0 = Release|Any CPU
	EndGlobalSection
	GlobalSection(SolutionProperties) = preSolution
		HideSolutionNode = FALSE
	EndGlobalSection
	GlobalSection(ExtensibilityGlobals) = postSolution
		SolutionGuid = {89A71E76-2F8C-4207-AF38-E1D8D4F28571}
	EndGlobalSection
EndGlobal
